Microsoft Visual Studio Solution File, Format Version 12.00
# Visual Studio Version 17
VisualStudioVersion = 17.5.2.0
MinimumVisualStudioVersion = 10.0.40219.1
Project("{2150E333-8FDC-42A3-9474-1A3956D46DE8}") = "Interface", "Interface", "{A83FB771-9961-F8C1-4A11-26F20453E45E}"
EndProject
Project("{FAE04EC0-301F-11D3-BF4B-00C04F79EFBC}") = "GemmaInterModule", "Interface\GemmaInterModule\GemmaInterModule.csproj", "{2BB8CF68-DE0D-F777-A873-5D486A83601C}"
EndProject
Global
	GlobalSection(SolutionConfigurationPlatforms) = preSolution
		Debug|Any CPU = Debug|Any CPU
		Release|Any CPU = Release|Any CPU
	EndGlobalSection
	GlobalSection(ProjectConfigurationPlatforms) = postSolution
		{2BB8CF68-DE0D-F777-A873-5D486A83601C}.Debug|Any CPU.ActiveCfg = Debug|Any CPU
		{2BB8CF68-DE0D-F777-A873-5D486A83601C}.Debug|Any CPU.Build.0 = Debug|Any CPU
		{2BB8CF68-DE0D-F777-A873-5D486A83601C}.Release|Any CPU.ActiveCfg = Release|Any CPU
		{2BB8CF68-DE0D-F777-A873-5D486A83601C}.Release|Any CPU.Build.0 = Release|Any CPU
	EndGlobalSection
	GlobalSection(SolutionProperties) = preSolution
		HideSolutionNode = FALSE
	EndGlobalSection
	GlobalSection(NestedProjects) = preSolution
		{2BB8CF68-DE0D-F777-A873-5D486A83601C} = {A83FB771-9961-F8C1-4A11-26F20453E45E}
	EndGlobalSection
	GlobalSection(ExtensibilityGlobals) = postSolution
		SolutionGuid = {3B21C17A-2EBE-4BE8-A85C-914F2A7220AE}
	EndGlobalSection
EndGlobal
